
Microsoft Visual Studio Solution File, Format Version 12.00
# Visual Studio Version 16
VisualStudioVersion = 16.0.30011.22
MinimumVisualStudioVersion = 10.0.40219.1
Project("{888888A0-9F3D-457C-B088-3A5042F75D52}") = "BasicProject", "BasicProject\BasicProject.pyproj", "{6B4CDC15-3166-4390-9DE5-1D4D5B9ACBD4}"
EndProject
Project("{888888A0-9F3D-457C-B088-3A5042F75D52}") = "DjangoWeb", "DjangoWeb\DjangoWeb.pyproj", "{17D69B5C-16F3-48B7-9503-FB43A0DCEA97}"
EndProject
Project("{888888A0-9F3D-457C-B088-3A5042F75D52}") = "DjangoPolls", "DjangoPolls\DjangoPolls.pyproj", "{65FC3FF6-F54D-4517-B7AC-468F25E37EED}"
EndProject
Global
	GlobalSection(SolutionConfigurationPlatforms) = preSolution
		Debug|Any CPU = Debug|Any CPU
		Release|Any CPU = Release|Any CPU
	EndGlobalSection
	GlobalSection(ProjectConfigurationPlatforms) = postSolution
		{6B4CDC15-3166-4390-9DE5-1D4D5B9ACBD4}.Debug|Any CPU.ActiveCfg = Debug|Any CPU
		{6B4CDC15-3166-4390-9DE5-1D4D5B9ACBD4}.Debug|Any CPU.Build.0 = Debug|Any CPU
		{6B4CDC15-3166-4390-9DE5-1D4D5B9ACBD4}.Release|Any CPU.ActiveCfg = Release|Any CPU
		{6B4CDC15-3166-4390-9DE5-1D4D5B9ACBD4}.Release|Any CPU.Build.0 = Release|Any CPU
		{17D69B5C-16F3-48B7-9503-FB43A0DCEA97}.Debug|Any CPU.ActiveCfg = Debug|Any CPU
		{17D69B5C-16F3-48B7-9503-FB43A0DCEA97}.Debug|Any CPU.Build.0 = Debug|Any CPU
		{17D69B5C-16F3-48B7-9503-FB43A0DCEA97}.Release|Any CPU.ActiveCfg = Release|Any CPU
		{17D69B5C-16F3-48B7-9503-FB43A0DCEA97}.Release|Any CPU.Build.0 = Release|Any CPU
		{65FC3FF6-F54D-4517-B7AC-468F25E37EED}.Debug|Any CPU.ActiveCfg = Debug|Any CPU
		{65FC3FF6-F54D-4517-B7AC-468F25E37EED}.Debug|Any CPU.Build.0 = Debug|Any CPU
		{65FC3FF6-F54D-4517-B7AC-468F25E37EED}.Release|Any CPU.ActiveCfg = Release|Any CPU
		{65FC3FF6-F54D-4517-B7AC-468F25E37EED}.Release|Any CPU.Build.0 = Release|Any CPU
	EndGlobalSection
	GlobalSection(SolutionProperties) = preSolution
		HideSolutionNode = FALSE
	EndGlobalSection
	GlobalSection(ExtensibilityGlobals) = postSolution
		SolutionGuid = {A3915056-4FED-4127-BCCE-D5EAE33C184D}
	EndGlobalSection
EndGlobal
